PODS:
  - Flutter (1.0.0)
  - integration_test (0.0.1):
    - Flutter
  - ui_paste_component (0.0.1):
    - Flutter

DEPENDENCIES:
  - Flutter (from `Flutter`)
  - integration_test (from `.symlinks/plugins/integration_test/ios`)
  - ui_paste_component (from `.symlinks/plugins/ui_paste_component/ios`)

EXTERNAL SOURCES:
  Flutter:
    :path: Flutter
  integration_test:
    :path: ".symlinks/plugins/integration_test/ios"
  ui_paste_component:
    :path: ".symlinks/plugins/ui_paste_component/ios"

SPEC CHECKSUMS:
  Flutter: e0871f40cf51350855a761d2e70bf5af5b9b5de7
  integration_test: 4a889634ef21a45d28d50d622cf412dc6d9f586e
  ui_paste_component: 9adac72ac6d6b6176f8ed8160f5fa5eb13493d0b

PODFILE CHECKSUM: 819463e6a0290f5a72f145ba7cde16e8b6ef0796

COCOAPODS: 1.16.2
